
Microsoft Visual Studio Solution File, Format Version 12.00
# Visual Studio Version 17
VisualStudioVersion = 17.4.33205.214
MinimumVisualStudioVersion = 10.0.40219.1
Project("{2150E333-8FDC-42A3-9474-1A3956D46DE8}") = "Core", "Core", "{CA838E17-0814-47D6-BDF9-DD0109E5D37B}"
EndProject
Project("{9A19103F-16F7-4668-BE54-9A1E7A4F7556}") = "MyCore.TokenManager", "Core\MyCore.TokenManager\MyCore.TokenManager.csproj", "{9291A913-4678-4F24-ACE2-299C212216B2}"
EndProject
Project("{9A19103F-16F7-4668-BE54-9A1E7A4F7556}") = "MyCore.Middlewares", "Core\MyCore.Middlewares\MyCore.Middlewares.csproj", "{EF5BC24C-2402-4EFA-97DF-228C52EBDC55}"
EndProject
Project("{9A19103F-16F7-4668-BE54-9A1E7A4F7556}") = "MyCore.LogManager", "Core\MyCore.LogManager\MyCore.LogManager.csproj", "{CACAE5C1-314B-452B-93D5-E8A03EDFA7A4}"
EndProject
Project("{9A19103F-16F7-4668-BE54-9A1E7A4F7556}") = "MyCore.Elastic", "Core\MyCore.Elastic\MyCore.Elastic.csproj", "{7FD07383-210D-4DDB-9B95-21584FE1CDDA}"
EndProject
Project("{9A19103F-16F7-4668-BE54-9A1E7A4F7556}") = "MyCore.Dapper", "Core\MyCore.Dapper\MyCore.Dapper.csproj", "{872E6117-FB38-4FD2-B5D2-40787A5391D3}"
EndProject
Project("{9A19103F-16F7-4668-BE54-9A1E7A4F7556}") = "MyCore.Common", "Core\MyCore.Common\MyCore.Common.csproj", "{D4A9D15A-1354-4852-99C2-C50F01593C28}"
EndProject
Project("{9A19103F-16F7-4668-BE54-9A1E7A4F7556}") = "MyCore.Cache", "Core\MyCore.Cache\MyCore.Cache.csproj", "{2E4EEBA2-CF1D-4109-B9CA-4204E3E83A56}"
EndProject
Project("{2150E333-8FDC-42A3-9474-1A3956D46DE8}") = "Helper", "Helper", "{1696F1BF-D1BF-487F-B2FC-B4F496FB2354}"
EndProject
Project("{9A19103F-16F7-4668-BE54-9A1E7A4F7556}") = "Helper.Dependency", "Helper\Helper.Dependency\Helper.Dependency.csproj", "{EF187CD3-792C-46E3-A08F-02B1DB0C6998}"
EndProject
Project("{9A19103F-16F7-4668-BE54-9A1E7A4F7556}") = "Helper.Maps", "Helper\Helper.Maps\Helper.Maps.csproj", "{A9422386-D886-42EE-A2A1-ABA2FEF6462C}"
EndProject
Project("{9A19103F-16F7-4668-BE54-9A1E7A4F7556}") = "Helper.Validations", "Helper\Helper.Validations\Helper.Validations.csproj", "{99023BC5-8DBA-45C0-ADD1-1127B2B58F39}"
EndProject
Project("{2150E333-8FDC-42A3-9474-1A3956D46DE8}") = "BackUp", "BackUp", "{E5E4ACD1-0297-49B3-8716-1352002B3C13}"
	ProjectSection(SolutionItems) = preProject
		Helper\BackUp\MySample.sql = Helper\BackUp\MySample.sql
	EndProjectSection
EndProject
Project("{2150E333-8FDC-42A3-9474-1A3956D46DE8}") = "RoleDomain", "RoleDomain", "{11791B73-A06D-4D29-BC7B-3789F7375C77}"
EndProject
Project("{2150E333-8FDC-42A3-9474-1A3956D46DE8}") = "UserDomain", "UserDomain", "{1545D1F3-E54D-4B71-8C5A-9BFA31F6E70C}"
EndProject
Project("{9A19103F-16F7-4668-BE54-9A1E7A4F7556}") = "MySample.RoleDomain.Libraries", "RoleDomain\MySample.RoleDomain.Libraries\MySample.RoleDomain.Libraries.csproj", "{67E12A65-4E0A-437B-A7C5-88A72B7E1676}"
EndProject
Project("{9A19103F-16F7-4668-BE54-9A1E7A4F7556}") = "MySample.RoleDomain.Repositores", "RoleDomain\MySample.RoleDomain.Repositores\MySample.RoleDomain.Repositores.csproj", "{83F46254-5E07-4CA0-B33B-1EB5A5DD8611}"
EndProject
Project("{9A19103F-16F7-4668-BE54-9A1E7A4F7556}") = "MySample.RoleDomain.Services", "RoleDomain\MySample.RoleDomain.Services\MySample.RoleDomain.Services.csproj", "{DEED65B5-3F0E-4152-AACC-08ACD9FDED8B}"
EndProject
Project("{9A19103F-16F7-4668-BE54-9A1E7A4F7556}") = "MySample.UserDomain.Libraries", "UserDomain\MySample.UserDomain.Libraries\MySample.UserDomain.Libraries.csproj", "{FADD31C9-5987-4AF7-BB39-CA304C8DA8E6}"
EndProject
Project("{9A19103F-16F7-4668-BE54-9A1E7A4F7556}") = "MySample.UserDomain.Repositories", "UserDomain\MySample.UserDomain.Repositories\MySample.UserDomain.Repositories.csproj", "{2D33C149-CF8E-4F23-9A4C-ACBA35BB1698}"
EndProject
Project("{9A19103F-16F7-4668-BE54-9A1E7A4F7556}") = "MySample.UserDomain.Services", "UserDomain\MySample.UserDomain.Services\MySample.UserDomain.Services.csproj", "{AF56D885-A83E-4DE6-A3A8-80D5F5D63130}"
EndProject
Project("{FAE04EC0-301F-11D3-BF4B-00C04F79EFBC}") = "MySample.Services.Api", "MySample.Services.Api\MySample.Services.Api.csproj", "{43B24FFD-A9E3-4386-8980-A101F50FACED}"
EndProject
Global
	GlobalSection(SolutionConfigurationPlatforms) = preSolution
		Debug|Any CPU = Debug|Any CPU
		Release|Any CPU = Release|Any CPU
	EndGlobalSection
	GlobalSection(ProjectConfigurationPlatforms) = postSolution
		{9291A913-4678-4F24-ACE2-299C212216B2}.Debug|Any CPU.ActiveCfg = Debug|Any CPU
		{9291A913-4678-4F24-ACE2-299C212216B2}.Debug|Any CPU.Build.0 = Debug|Any CPU
		{9291A913-4678-4F24-ACE2-299C212216B2}.Release|Any CPU.ActiveCfg = Release|Any CPU
		{9291A913-4678-4F24-ACE2-299C212216B2}.Release|Any CPU.Build.0 = Release|Any CPU
		{EF5BC24C-2402-4EFA-97DF-228C52EBDC55}.Debug|Any CPU.ActiveCfg = Debug|Any CPU
		{EF5BC24C-2402-4EFA-97DF-228C52EBDC55}.Debug|Any CPU.Build.0 = Debug|Any CPU
		{EF5BC24C-2402-4EFA-97DF-228C52EBDC55}.Release|Any CPU.ActiveCfg = Release|Any CPU
		{EF5BC24C-2402-4EFA-97DF-228C52EBDC55}.Release|Any CPU.Build.0 = Release|Any CPU
		{CACAE5C1-314B-452B-93D5-E8A03EDFA7A4}.Debug|Any CPU.ActiveCfg = Debug|Any CPU
		{CACAE5C1-314B-452B-93D5-E8A03EDFA7A4}.Debug|Any CPU.Build.0 = Debug|Any CPU
		{CACAE5C1-314B-452B-93D5-E8A03EDFA7A4}.Release|Any CPU.ActiveCfg = Release|Any CPU
		{CACAE5C1-314B-452B-93D5-E8A03EDFA7A4}.Release|Any CPU.Build.0 = Release|Any CPU
		{7FD07383-210D-4DDB-9B95-21584FE1CDDA}.Debug|Any CPU.ActiveCfg = Debug|Any CPU
		{7FD07383-210D-4DDB-9B95-21584FE1CDDA}.Debug|Any CPU.Build.0 = Debug|Any CPU
		{7FD07383-210D-4DDB-9B95-21584FE1CDDA}.Release|Any CPU.ActiveCfg = Release|Any CPU
		{7FD07383-210D-4DDB-9B95-21584FE1CDDA}.Release|Any CPU.Build.0 = Release|Any CPU
		{872E6117-FB38-4FD2-B5D2-40787A5391D3}.Debug|Any CPU.ActiveCfg = Debug|Any CPU
		{872E6117-FB38-4FD2-B5D2-40787A5391D3}.Debug|Any CPU.Build.0 = Debug|Any CPU
		{872E6117-FB38-4FD2-B5D2-40787A5391D3}.Release|Any CPU.ActiveCfg = Release|Any CPU
		{872E6117-FB38-4FD2-B5D2-40787A5391D3}.Release|Any CPU.Build.0 = Release|Any CPU
		{D4A9D15A-1354-4852-99C2-C50F01593C28}.Debug|Any CPU.ActiveCfg = Debug|Any CPU
		{D4A9D15A-1354-4852-99C2-C50F01593C28}.Debug|Any CPU.Build.0 = Debug|Any CPU
		{D4A9D15A-1354-4852-99C2-C50F01593C28}.Release|Any CPU.ActiveCfg = Release|Any CPU
		{D4A9D15A-1354-4852-99C2-C50F01593C28}.Release|Any CPU.Build.0 = Release|Any CPU
		{2E4EEBA2-CF1D-4109-B9CA-4204E3E83A56}.Debug|Any CPU.ActiveCfg = Debug|Any CPU
		{2E4EEBA2-CF1D-4109-B9CA-4204E3E83A56}.Debug|Any CPU.Build.0 = Debug|Any CPU
		{2E4EEBA2-CF1D-4109-B9CA-4204E3E83A56}.Release|Any CPU.ActiveCfg = Release|Any CPU
		{2E4EEBA2-CF1D-4109-B9CA-4204E3E83A56}.Release|Any CPU.Build.0 = Release|Any CPU
		{EF187CD3-792C-46E3-A08F-02B1DB0C6998}.Debug|Any CPU.ActiveCfg = Debug|Any CPU
		{EF187CD3-792C-46E3-A08F-02B1DB0C6998}.Debug|Any CPU.Build.0 = Debug|Any CPU
		{EF187CD3-792C-46E3-A08F-02B1DB0C6998}.Release|Any CPU.ActiveCfg = Release|Any CPU
		{EF187CD3-792C-46E3-A08F-02B1DB0C6998}.Release|Any CPU.Build.0 = Release|Any CPU
		{A9422386-D886-42EE-A2A1-ABA2FEF6462C}.Debug|Any CPU.ActiveCfg = Debug|Any CPU
		{A9422386-D886-42EE-A2A1-ABA2FEF6462C}.Debug|Any CPU.Build.0 = Debug|Any CPU
		{A9422386-D886-42EE-A2A1-ABA2FEF6462C}.Release|Any CPU.ActiveCfg = Release|Any CPU
		{A9422386-D886-42EE-A2A1-ABA2FEF6462C}.Release|Any CPU.Build.0 = Release|Any CPU
		{99023BC5-8DBA-45C0-ADD1-1127B2B58F39}.Debug|Any CPU.ActiveCfg = Debug|Any CPU
		{99023BC5-8DBA-45C0-ADD1-1127B2B58F39}.Debug|Any CPU.Build.0 = Debug|Any CPU
		{99023BC5-8DBA-45C0-ADD1-1127B2B58F39}.Release|Any CPU.ActiveCfg = Release|Any CPU
		{99023BC5-8DBA-45C0-ADD1-1127B2B58F39}.Release|Any CPU.Build.0 = Release|Any CPU
		{67E12A65-4E0A-437B-A7C5-88A72B7E1676}.Debug|Any CPU.ActiveCfg = Debug|Any CPU
		{67E12A65-4E0A-437B-A7C5-88A72B7E1676}.Debug|Any CPU.Build.0 = Debug|Any CPU
		{67E12A65-4E0A-437B-A7C5-88A72B7E1676}.Release|Any CPU.ActiveCfg = Release|Any CPU
		{67E12A65-4E0A-437B-A7C5-88A72B7E1676}.Release|Any CPU.Build.0 = Release|Any CPU
		{83F46254-5E07-4CA0-B33B-1EB5A5DD8611}.Debug|Any CPU.ActiveCfg = Debug|Any CPU
		{83F46254-5E07-4CA0-B33B-1EB5A5DD8611}.Debug|Any CPU.Build.0 = Debug|Any CPU
		{83F46254-5E07-4CA0-B33B-1EB5A5DD8611}.Release|Any CPU.ActiveCfg = Release|Any CPU
		{83F46254-5E07-4CA0-B33B-1EB5A5DD8611}.Release|Any CPU.Build.0 = Release|Any CPU
		{DEED65B5-3F0E-4152-AACC-08ACD9FDED8B}.Debug|Any CPU.ActiveCfg = Debug|Any CPU
		{DEED65B5-3F0E-4152-AACC-08ACD9FDED8B}.Debug|Any CPU.Build.0 = Debug|Any CPU
		{DEED65B5-3F0E-4152-AACC-08ACD9FDED8B}.Release|Any CPU.ActiveCfg = Release|Any CPU
		{DEED65B5-3F0E-4152-AACC-08ACD9FDED8B}.Release|Any CPU.Build.0 = Release|Any CPU
		{FADD31C9-5987-4AF7-BB39-CA304C8DA8E6}.Debug|Any CPU.ActiveCfg = Debug|Any CPU
		{FADD31C9-5987-4AF7-BB39-CA304C8DA8E6}.Debug|Any CPU.Build.0 = Debug|Any CPU
		{FADD31C9-5987-4AF7-BB39-CA304C8DA8E6}.Release|Any CPU.ActiveCfg = Release|Any CPU
		{FADD31C9-5987-4AF7-BB39-CA304C8DA8E6}.Release|Any CPU.Build.0 = Release|Any CPU
		{2D33C149-CF8E-4F23-9A4C-ACBA35BB1698}.Debug|Any CPU.ActiveCfg = Debug|Any CPU
		{2D33C149-CF8E-4F23-9A4C-ACBA35BB1698}.Debug|Any CPU.Build.0 = Debug|Any CPU
		{2D33C149-CF8E-4F23-9A4C-ACBA35BB1698}.Release|Any CPU.ActiveCfg = Release|Any CPU
		{2D33C149-CF8E-4F23-9A4C-ACBA35BB1698}.Release|Any CPU.Build.0 = Release|Any CPU
		{AF56D885-A83E-4DE6-A3A8-80D5F5D63130}.Debug|Any CPU.ActiveCfg = Debug|Any CPU
		{AF56D885-A83E-4DE6-A3A8-80D5F5D63130}.Debug|Any CPU.Build.0 = Debug|Any CPU
		{AF56D885-A83E-4DE6-A3A8-80D5F5D63130}.Release|Any CPU.ActiveCfg = Release|Any CPU
		{AF56D885-A83E-4DE6-A3A8-80D5F5D63130}.Release|Any CPU.Build.0 = Release|Any CPU
		{43B24FFD-A9E3-4386-8980-A101F50FACED}.Debug|Any CPU.ActiveCfg = Debug|Any CPU
		{43B24FFD-A9E3-4386-8980-A101F50FACED}.Debug|Any CPU.Build.0 = Debug|Any CPU
		{43B24FFD-A9E3-4386-8980-A101F50FACED}.Release|Any CPU.ActiveCfg = Release|Any CPU
		{43B24FFD-A9E3-4386-8980-A101F50FACED}.Release|Any CPU.Build.0 = Release|Any CPU
	EndGlobalSection
	GlobalSection(SolutionProperties) = preSolution
		HideSolutionNode = FALSE
	EndGlobalSection
	GlobalSection(NestedProjects) = preSolution
		{9291A913-4678-4F24-ACE2-299C212216B2} = {CA838E17-0814-47D6-BDF9-DD0109E5D37B}
		{EF5BC24C-2402-4EFA-97DF-228C52EBDC55} = {CA838E17-0814-47D6-BDF9-DD0109E5D37B}
		{CACAE5C1-314B-452B-93D5-E8A03EDFA7A4} = {CA838E17-0814-47D6-BDF9-DD0109E5D37B}
		{7FD07383-210D-4DDB-9B95-21584FE1CDDA} = {CA838E17-0814-47D6-BDF9-DD0109E5D37B}
		{872E6117-FB38-4FD2-B5D2-40787A5391D3} = {CA838E17-0814-47D6-BDF9-DD0109E5D37B}
		{D4A9D15A-1354-4852-99C2-C50F01593C28} = {CA838E17-0814-47D6-BDF9-DD0109E5D37B}
		{2E4EEBA2-CF1D-4109-B9CA-4204E3E83A56} = {CA838E17-0814-47D6-BDF9-DD0109E5D37B}
		{EF187CD3-792C-46E3-A08F-02B1DB0C6998} = {1696F1BF-D1BF-487F-B2FC-B4F496FB2354}
		{A9422386-D886-42EE-A2A1-ABA2FEF6462C} = {1696F1BF-D1BF-487F-B2FC-B4F496FB2354}
		{99023BC5-8DBA-45C0-ADD1-1127B2B58F39} = {1696F1BF-D1BF-487F-B2FC-B4F496FB2354}
		{E5E4ACD1-0297-49B3-8716-1352002B3C13} = {1696F1BF-D1BF-487F-B2FC-B4F496FB2354}
		{67E12A65-4E0A-437B-A7C5-88A72B7E1676} = {11791B73-A06D-4D29-BC7B-3789F7375C77}
		{83F46254-5E07-4CA0-B33B-1EB5A5DD8611} = {11791B73-A06D-4D29-BC7B-3789F7375C77}
		{DEED65B5-3F0E-4152-AACC-08ACD9FDED8B} = {11791B73-A06D-4D29-BC7B-3789F7375C77}
		{FADD31C9-5987-4AF7-BB39-CA304C8DA8E6} = {1545D1F3-E54D-4B71-8C5A-9BFA31F6E70C}
		{2D33C149-CF8E-4F23-9A4C-ACBA35BB1698} = {1545D1F3-E54D-4B71-8C5A-9BFA31F6E70C}
		{AF56D885-A83E-4DE6-A3A8-80D5F5D63130} = {1545D1F3-E54D-4B71-8C5A-9BFA31F6E70C}
	EndGlobalSection
	GlobalSection(ExtensibilityGlobals) = postSolution
		SolutionGuid = {CD2F4C5D-1208-469B-8F8C-EE49F833A9E2}
	EndGlobalSection
EndGlobal
